
Microsoft Visual Studio Solution File, Format Version 12.00
# Visual Studio Version 17
VisualStudioVersion = 17.5.001.0
MinimumVisualStudioVersion = 10.0.40219.1
Project("{2150E333-8FDC-42A3-9474-1A3956D46DE8}") = "Class01", "Class01", "{F1962639-0A2A-4476-BB98-3A8049DE6D19}"
EndProject
Project("{9A19103F-16F7-4668-BE54-9A1E7A4F7556}") = "CalculatorW1C1", "Class01\CalculatorW1C1\CalculatorW1C1.csproj", "{C6F20D63-6DAE-48DA-A39F-B426E181D9CC}"
EndProject
Project("{2150E333-8FDC-42A3-9474-1A3956D46DE8}") = "Class04", "Class04", "{12AC70AD-77EE-4863-B2C2-BCD8CEE8D371}"
EndProject
Project("{9A19103F-16F7-4668-BE54-9A1E7A4F7556}") = "CSharpBasics", "Class04\CSharpBasics\CSharpBasics.csproj", "{15A5634E-F955-4B97-9590-762866F66392}"
EndProject
Project("{2150E333-8FDC-42A3-9474-1A3956D46DE8}") = "Class05", "Class05", "{78A78605-09FA-45A4-A6C3-9290DBDB0E7A}"
EndProject
Project("{9A19103F-16F7-4668-BE54-9A1E7A4F7556}") = "CSharpBasics02", "Class05\CSharpBasics02\CSharpBasics02.csproj", "{61819DA3-091D-4C49-BF09-7B0D8471CE65}"
EndProject
Project("{2150E333-8FDC-42A3-9474-1A3956D46DE8}") = "Class06", "Class06", "{DA9114F5-3681-4148-905E-324998D413E6}"
EndProject
Project("{9A19103F-16F7-4668-BE54-9A1E7A4F7556}") = "ReviewClasses", "Class06\ReviewClasses\ReviewClasses.csproj", "{36B1E47D-C212-4252-BA93-BB8B6DD6615C}"
EndProject
Project("{2150E333-8FDC-42A3-9474-1A3956D46DE8}") = "Class07", "Class07", "{DDE1C7EC-2E45-424E-9B47-F3506ED49D4D}"
EndProject
Project("{9A19103F-16F7-4668-BE54-9A1E7A4F7556}") = "introApi", "Class07\introApi\introApi.csproj", "{5AAA525F-F077-4620-AC9F-CF0697AF915D}"
EndProject
Project("{2150E333-8FDC-42A3-9474-1A3956D46DE8}") = "Class08", "Class08", "{D6CB7D71-3FC5-49A7-851C-EBF195B730F9}"
EndProject
Project("{9A19103F-16F7-4668-BE54-9A1E7A4F7556}") = "EmployeeApi", "Class08\EmployeeApi\EmployeeApi.csproj", "{2F2D4ABB-B818-44C6-8BB7-9FEAFB783B32}"
EndProject
Project("{2150E333-8FDC-42A3-9474-1A3956D46DE8}") = "Class10", "Class10", "{267623E4-0DA8-4A5D-AB85-AD1A479F5E54}"
EndProject
Project("{9A19103F-16F7-4668-BE54-9A1E7A4F7556}") = "Arrays", "Class10\Arrays\Arrays.csproj", "{0E28CB04-3795-47EA-B9C3-530B2C5DDBCD}"
EndProject
Project("{2150E333-8FDC-42A3-9474-1A3956D46DE8}") = "Class11", "Class11", "{BC043D1F-719F-4E38-89D0-EB57F56C5CE9}"
EndProject
Project("{9A19103F-16F7-4668-BE54-9A1E7A4F7556}") = "IntroToOOP", "Class11\IntroToOOP\IntroToOOP.csproj", "{7C94BF2C-A1AC-4A6F-AA0C-AE9BDD80B44A}"
EndProject
Project("{2150E333-8FDC-42A3-9474-1A3956D46DE8}") = "Class12", "Class12", "{AD93D0F5-2E61-459E-8C50-553F08B6CEBB}"
EndProject
Project("{9A19103F-16F7-4668-BE54-9A1E7A4F7556}") = "AbstractionOOP", "Class12\AbstractionOOP\AbstractionOOP.csproj", "{7CB337B2-192D-404A-B8D3-32B2DE207280}"
EndProject
Project("{2150E333-8FDC-42A3-9474-1A3956D46DE8}") = "Class13", "Class13", "{4215213B-59C0-4973-B85D-CF3C4525EB3E}"
EndProject
Project("{9A19103F-16F7-4668-BE54-9A1E7A4F7556}") = "Collections", "Class13\Collections\Collections.csproj", "{889646DF-BD31-40E9-B7B9-4F7E383F5E6A}"
EndProject
Project("{2150E333-8FDC-42A3-9474-1A3956D46DE8}") = "Class14", "Class14", "{CC1279C7-CA99-4D02-A166-726F543656CF}"
EndProject
Project("{9A19103F-16F7-4668-BE54-9A1E7A4F7556}") = "IntroToEf", "Class14\IntroToEf\IntroToEf.csproj", "{6B1D57E4-3BF6-468F-B287-16228025156A}"
EndProject
Project("{2150E333-8FDC-42A3-9474-1A3956D46DE8}") = "Class15", "Class15", "{845A10CE-DABA-4B92-B24F-72E732476F67}"
EndProject
Project("{9A19103F-16F7-4668-BE54-9A1E7A4F7556}") = "EmployeesManager", "Class15\EmployeesManager\EmployeesManager.csproj", "{8A142F71-702D-40BB-BF2E-3F7E873E8388}"
EndProject
Project("{2150E333-8FDC-42A3-9474-1A3956D46DE8}") = "Class16", "Class16", "{470E43D0-0BEB-4CA2-BC06-E8F380502787}"
EndProject
Project("{9A19103F-16F7-4668-BE54-9A1E7A4F7556}") = "AdvancedApp", "Class16\AdvancedApp\AdvancedApp.csproj", "{95546620-EB8C-4C55-BE80-14688EDF5E56}"
EndProject
Global
	GlobalSection(SolutionConfigurationPlatforms) = preSolution
		Debug|Any CPU = Debug|Any CPU
		Release|Any CPU = Release|Any CPU
	EndGlobalSection
	GlobalSection(ProjectConfigurationPlatforms) = postSolution
		{C6F20D63-6DAE-48DA-A39F-B426E181D9CC}.Debug|Any CPU.ActiveCfg = Debug|Any CPU
		{C6F20D63-6DAE-48DA-A39F-B426E181D9CC}.Debug|Any CPU.Build.0 = Debug|Any CPU
		{C6F20D63-6DAE-48DA-A39F-B426E181D9CC}.Release|Any CPU.ActiveCfg = Release|Any CPU
		{C6F20D63-6DAE-48DA-A39F-B426E181D9CC}.Release|Any CPU.Build.0 = Release|Any CPU
		{15A5634E-F955-4B97-9590-762866F66392}.Debug|Any CPU.ActiveCfg = Debug|Any CPU
		{15A5634E-F955-4B97-9590-762866F66392}.Debug|Any CPU.Build.0 = Debug|Any CPU
		{15A5634E-F955-4B97-9590-762866F66392}.Release|Any CPU.ActiveCfg = Release|Any CPU
		{15A5634E-F955-4B97-9590-762866F66392}.Release|Any CPU.Build.0 = Release|Any CPU
		{61819DA3-091D-4C49-BF09-7B0D8471CE65}.Debug|Any CPU.ActiveCfg = Debug|Any CPU
		{61819DA3-091D-4C49-BF09-7B0D8471CE65}.Debug|Any CPU.Build.0 = Debug|Any CPU
		{61819DA3-091D-4C49-BF09-7B0D8471CE65}.Release|Any CPU.ActiveCfg = Release|Any CPU
		{61819DA3-091D-4C49-BF09-7B0D8471CE65}.Release|Any CPU.Build.0 = Release|Any CPU
		{36B1E47D-C212-4252-BA93-BB8B6DD6615C}.Debug|Any CPU.ActiveCfg = Debug|Any CPU
		{36B1E47D-C212-4252-BA93-BB8B6DD6615C}.Debug|Any CPU.Build.0 = Debug|Any CPU
		{36B1E47D-C212-4252-BA93-BB8B6DD6615C}.Release|Any CPU.ActiveCfg = Release|Any CPU
		{36B1E47D-C212-4252-BA93-BB8B6DD6615C}.Release|Any CPU.Build.0 = Release|Any CPU
		{5AAA525F-F077-4620-AC9F-CF0697AF915D}.Debug|Any CPU.ActiveCfg = Debug|Any CPU
		{5AAA525F-F077-4620-AC9F-CF0697AF915D}.Debug|Any CPU.Build.0 = Debug|Any CPU
		{5AAA525F-F077-4620-AC9F-CF0697AF915D}.Release|Any CPU.ActiveCfg = Release|Any CPU
		{5AAA525F-F077-4620-AC9F-CF0697AF915D}.Release|Any CPU.Build.0 = Release|Any CPU
		{2F2D4ABB-B818-44C6-8BB7-9FEAFB783B32}.Debug|Any CPU.ActiveCfg = Debug|Any CPU
		{2F2D4ABB-B818-44C6-8BB7-9FEAFB783B32}.Debug|Any CPU.Build.0 = Debug|Any CPU
		{2F2D4ABB-B818-44C6-8BB7-9FEAFB783B32}.Release|Any CPU.ActiveCfg = Release|Any CPU
		{2F2D4ABB-B818-44C6-8BB7-9FEAFB783B32}.Release|Any CPU.Build.0 = Release|Any CPU
		{0E28CB04-3795-47EA-B9C3-530B2C5DDBCD}.Debug|Any CPU.ActiveCfg = Debug|Any CPU
		{0E28CB04-3795-47EA-B9C3-530B2C5DDBCD}.Debug|Any CPU.Build.0 = Debug|Any CPU
		{0E28CB04-3795-47EA-B9C3-530B2C5DDBCD}.Release|Any CPU.ActiveCfg = Release|Any CPU
		{0E28CB04-3795-47EA-B9C3-530B2C5DDBCD}.Release|Any CPU.Build.0 = Release|Any CPU
		{7C94BF2C-A1AC-4A6F-AA0C-AE9BDD80B44A}.Debug|Any CPU.ActiveCfg = Debug|Any CPU
		{7C94BF2C-A1AC-4A6F-AA0C-AE9BDD80B44A}.Debug|Any CPU.Build.0 = Debug|Any CPU
		{7C94BF2C-A1AC-4A6F-AA0C-AE9BDD80B44A}.Release|Any CPU.ActiveCfg = Release|Any CPU
		{7C94BF2C-A1AC-4A6F-AA0C-AE9BDD80B44A}.Release|Any CPU.Build.0 = Release|Any CPU
		{7CB337B2-192D-404A-B8D3-32B2DE207280}.Debug|Any CPU.ActiveCfg = Debug|Any CPU
		{7CB337B2-192D-404A-B8D3-32B2DE207280}.Debug|Any CPU.Build.0 = Debug|Any CPU
		{7CB337B2-192D-404A-B8D3-32B2DE207280}.Release|Any CPU.ActiveCfg = Release|Any CPU
		{7CB337B2-192D-404A-B8D3-32B2DE207280}.Release|Any CPU.Build.0 = Release|Any CPU
		{889646DF-BD31-40E9-B7B9-4F7E383F5E6A}.Debug|Any CPU.ActiveCfg = Debug|Any CPU
		{889646DF-BD31-40E9-B7B9-4F7E383F5E6A}.Debug|Any CPU.Build.0 = Debug|Any CPU
		{889646DF-BD31-40E9-B7B9-4F7E383F5E6A}.Release|Any CPU.ActiveCfg = Release|Any CPU
		{889646DF-BD31-40E9-B7B9-4F7E383F5E6A}.Release|Any CPU.Build.0 = Release|Any CPU
		{6B1D57E4-3BF6-468F-B287-16228025156A}.Debug|Any CPU.ActiveCfg = Debug|Any CPU
		{6B1D57E4-3BF6-468F-B287-16228025156A}.Debug|Any CPU.Build.0 = Debug|Any CPU
		{6B1D57E4-3BF6-468F-B287-16228025156A}.Release|Any CPU.ActiveCfg = Release|Any CPU
		{6B1D57E4-3BF6-468F-B287-16228025156A}.Release|Any CPU.Build.0 = Release|Any CPU
		{8A142F71-702D-40BB-BF2E-3F7E873E8388}.Debug|Any CPU.ActiveCfg = Debug|Any CPU
		{8A142F71-702D-40BB-BF2E-3F7E873E8388}.Debug|Any CPU.Build.0 = Debug|Any CPU
		{8A142F71-702D-40BB-BF2E-3F7E873E8388}.Release|Any CPU.ActiveCfg = Release|Any CPU
		{8A142F71-702D-40BB-BF2E-3F7E873E8388}.Release|Any CPU.Build.0 = Release|Any CPU
		{95546620-EB8C-4C55-BE80-14688EDF5E56}.Debug|Any CPU.ActiveCfg = Debug|Any CPU
		{95546620-EB8C-4C55-BE80-14688EDF5E56}.Debug|Any CPU.Build.0 = Debug|Any CPU
		{95546620-EB8C-4C55-BE80-14688EDF5E56}.Release|Any CPU.ActiveCfg = Release|Any CPU
		{95546620-EB8C-4C55-BE80-14688EDF5E56}.Release|Any CPU.Build.0 = Release|Any CPU
	EndGlobalSection
	GlobalSection(SolutionProperties) = preSolution
		HideSolutionNode = FALSE
	EndGlobalSection
	GlobalSection(NestedProjects) = preSolution
		{C6F20D63-6DAE-48DA-A39F-B426E181D9CC} = {F1962639-0A2A-4476-BB98-3A8049DE6D19}
		{15A5634E-F955-4B97-9590-762866F66392} = {12AC70AD-77EE-4863-B2C2-BCD8CEE8D371}
		{61819DA3-091D-4C49-BF09-7B0D8471CE65} = {78A78605-09FA-45A4-A6C3-9290DBDB0E7A}
		{36B1E47D-C212-4252-BA93-BB8B6DD6615C} = {DA9114F5-3681-4148-905E-324998D413E6}
		{5AAA525F-F077-4620-AC9F-CF0697AF915D} = {DDE1C7EC-2E45-424E-9B47-F3506ED49D4D}
		{2F2D4ABB-B818-44C6-8BB7-9FEAFB783B32} = {D6CB7D71-3FC5-49A7-851C-EBF195B730F9}
		{0E28CB04-3795-47EA-B9C3-530B2C5DDBCD} = {267623E4-0DA8-4A5D-AB85-AD1A479F5E54}
		{7C94BF2C-A1AC-4A6F-AA0C-AE9BDD80B44A} = {BC043D1F-719F-4E38-89D0-EB57F56C5CE9}
		{7CB337B2-192D-404A-B8D3-32B2DE207280} = {AD93D0F5-2E61-459E-8C50-553F08B6CEBB}
		{889646DF-BD31-40E9-B7B9-4F7E383F5E6A} = {4215213B-59C0-4973-B85D-CF3C4525EB3E}
		{6B1D57E4-3BF6-468F-B287-16228025156A} = {CC1279C7-CA99-4D02-A166-726F543656CF}
		{8A142F71-702D-40BB-BF2E-3F7E873E8388} = {845A10CE-DABA-4B92-B24F-72E732476F67}
		{95546620-EB8C-4C55-BE80-14688EDF5E56} = {470E43D0-0BEB-4CA2-BC06-E8F380502787}
	EndGlobalSection
	GlobalSection(ExtensibilityGlobals) = postSolution
		SolutionGuid = {83B6F757-0D67-4205-BD63-EA0511B56E53}
	EndGlobalSection
EndGlobal
