
Microsoft Visual Studio Solution File, Format Version 12.00
# Visual Studio Version 17
VisualStudioVersion = 17.5.002.0
MinimumVisualStudioVersion = 10.0.40219.1
Project("{9A19103F-16F7-4668-BE54-9A1E7A4F7556}") = "PcPartsManager", "PcPartsManager.csproj", "{7566B55A-5DF2-4274-90F4-7B3F53F9AC15}"
EndProject
Global
	GlobalSection(SolutionConfigurationPlatforms) = preSolution
		Debug|Any CPU = Debug|Any CPU
		Release|Any CPU = Release|Any CPU
	EndGlobalSection
	GlobalSection(ProjectConfigurationPlatforms) = postSolution
		{7566B55A-5DF2-4274-90F4-7B3F53F9AC15}.Debug|Any CPU.ActiveCfg = Debug|Any CPU
		{7566B55A-5DF2-4274-90F4-7B3F53F9AC15}.Debug|Any CPU.Build.0 = Debug|Any CPU
		{7566B55A-5DF2-4274-90F4-7B3F53F9AC15}.Release|Any CPU.ActiveCfg = Release|Any CPU
		{7566B55A-5DF2-4274-90F4-7B3F53F9AC15}.Release|Any CPU.Build.0 = Release|Any CPU
	EndGlobalSection
	GlobalSection(SolutionProperties) = preSolution
		HideSolutionNode = FALSE
	EndGlobalSection
	GlobalSection(ExtensibilityGlobals) = postSolution
		SolutionGuid = {C2A16856-666E-49E3-B37C-89BEC6CCD4FD}
	EndGlobalSection
EndGlobal
